
Microsoft Visual Studio Solution File, Format Version 12.00
# Visual Studio Version 17
VisualStudioVersion = 17.7.34202.233
MinimumVisualStudioVersion = 10.0.40219.1
Project("{FAE04EC0-301F-11D3-BF4B-00C04F79EFBC}") = "Loops", "Loops\Loops.csproj", "{5144D5A4-02FB-43E4-89FD-B92F9BBADE1D}"
EndProject
Global
	GlobalSection(SolutionConfigurationPlatforms) = preSolution
		Debug|Any CPU = Debug|Any CPU
		Release|Any CPU = Release|Any CPU
	EndGlobalSection
	GlobalSection(ProjectConfigurationPlatforms) = postSolution
		{5144D5A4-02FB-43E4-89FD-B92F9BBADE1D}.Debug|Any CPU.ActiveCfg = Debug|Any CPU
		{5144D5A4-02FB-43E4-89FD-B92F9BBADE1D}.Debug|Any CPU.Build.0 = Debug|Any CPU
		{5144D5A4-02FB-43E4-89FD-B92F9BBADE1D}.Release|Any CPU.ActiveCfg = Release|Any CPU
		{5144D5A4-02FB-43E4-89FD-B92F9BBADE1D}.Release|Any CPU.Build.0 = Release|Any CPU
	EndGlobalSection
	GlobalSection(SolutionProperties) = preSolution
		HideSolutionNode = FALSE
	EndGlobalSection
	GlobalSection(ExtensibilityGlobals) = postSolution
		SolutionGuid = {E9A3A3BA-5ACD-4EC5-96C3-A3D10858BFAC}
	EndGlobalSection
EndGlobal
